sonata_block:
    default_contexts: [cms]
    blocks:
        # enable the SonataAdminBundle block
        sonata.admin.block.admin_list:
            contexts: [admin]
        sonata.admin.block.search_result:
            contexts: [admin]
        sonata.admin.block.stats:
            contexts: [admin]

sonata_core:
    form:
        mapping:
            enabled: false